
Microsoft Visual Studio Solution File, Format Version 12.00
# Visual Studio 2013
VisualStudioVersion = 12.0.30501.0
MinimumVisualStudioVersion = 10.0.40219.1
Project("{FAE04EC0-301F-11D3-BF4B-00C04F79EFBC}") = "XTask", "XTask\XTask.csproj", "{D8D4667C-F388-4EF6-80D2-1801AF5BF7A7}"
EndProject
Project("{FAE04EC0-301F-11D3-BF4B-00C04F79EFBC}") = "XTask.WPFDemo", "XTask.WPFDemo\XTask.WPFDemo.csproj", "{BEBFB9CB-57DF-4B31-908E-1CE80E6410A6}"
EndProject
Project("{FAE04EC0-301F-11D3-BF4B-00C04F79EFBC}") = "XTask.WinformDemo", "XTask.WinformDemo\XTask.WinformDemo.csproj", "{51A0D6E5-059A-4460-B8B1-A9DADDE6AA42}"
EndProject
Global
	GlobalSection(SolutionConfigurationPlatforms) = preSolution
		Debug|Any CPU = Debug|Any CPU
		Release|Any CPU = Release|Any CPU
	EndGlobalSection
	GlobalSection(ProjectConfigurationPlatforms) = postSolution
		{D8D4667C-F388-4EF6-80D2-1801AF5BF7A7}.Debug|Any CPU.ActiveCfg = Debug|Any CPU
		{D8D4667C-F388-4EF6-80D2-1801AF5BF7A7}.Debug|Any CPU.Build.0 = Debug|Any CPU
		{D8D4667C-F388-4EF6-80D2-1801AF5BF7A7}.Release|Any CPU.ActiveCfg = Release|Any CPU
		{D8D4667C-F388-4EF6-80D2-1801AF5BF7A7}.Release|Any CPU.Build.0 = Release|Any CPU
		{BEBFB9CB-57DF-4B31-908E-1CE80E6410A6}.Debug|Any CPU.ActiveCfg = Debug|Any CPU
		{BEBFB9CB-57DF-4B31-908E-1CE80E6410A6}.Debug|Any CPU.Build.0 = Debug|Any CPU
		{BEBFB9CB-57DF-4B31-908E-1CE80E6410A6}.Release|Any CPU.ActiveCfg = Release|Any CPU
		{BEBFB9CB-57DF-4B31-908E-1CE80E6410A6}.Release|Any CPU.Build.0 = Release|Any CPU
		{51A0D6E5-059A-4460-B8B1-A9DADDE6AA42}.Debug|Any CPU.ActiveCfg = Debug|Any CPU
		{51A0D6E5-059A-4460-B8B1-A9DADDE6AA42}.Debug|Any CPU.Build.0 = Debug|Any CPU
		{51A0D6E5-059A-4460-B8B1-A9DADDE6AA42}.Release|Any CPU.ActiveCfg = Release|Any CPU
		{51A0D6E5-059A-4460-B8B1-A9DADDE6AA42}.Release|Any CPU.Build.0 = Release|Any CPU
	EndGlobalSection
	GlobalSection(SolutionProperties) = preSolution
		HideSolutionNode = FALSE
	EndGlobalSection
EndGlobal
